
Microsoft Visual Studio Solution File, Format Version 12.00
# Visual Studio Version 16
VisualStudioVersion = 16.0.30907.101
MinimumVisualStudioVersion = 10.0.40219.1
Project("{FAE04EC0-301F-11D3-BF4B-00C04F79EFBC}") = "ContactBookAndroidApp", "ContactBookAndroidApp\ContactBookAndroidApp.csproj", "{E6DE4DD1-E8FE-41A1-B4DB-2D326CE23302}"
EndProject
Global
	GlobalSection(SolutionConfigurationPlatforms) = preSolution
		Debug|Any CPU = Debug|Any CPU
		Release|Any CPU = Release|Any CPU
	EndGlobalSection
	GlobalSection(ProjectConfigurationPlatforms) = postSolution
		{E6DE4DD1-E8FE-41A1-B4DB-2D326CE23302}.Debug|Any CPU.ActiveCfg = Debug|Any CPU
		{E6DE4DD1-E8FE-41A1-B4DB-2D326CE23302}.Debug|Any CPU.Build.0 = Debug|Any CPU
		{E6DE4DD1-E8FE-41A1-B4DB-2D326CE23302}.Release|Any CPU.ActiveCfg = Release|Any CPU
		{E6DE4DD1-E8FE-41A1-B4DB-2D326CE23302}.Release|Any CPU.Build.0 = Release|Any CPU
	EndGlobalSection
	GlobalSection(SolutionProperties) = preSolution
		HideSolutionNode = FALSE
	EndGlobalSection
	GlobalSection(ExtensibilityGlobals) = postSolution
		SolutionGuid = {53308DD2-BA3E-4A83-B6E8-BFB806E76968}
	EndGlobalSection
EndGlobal
